
Microsoft Visual Studio Solution File, Format Version 12.00
# Visual Studio Version 17
VisualStudioVersion = 17.9.34622.214
MinimumVisualStudioVersion = 10.0.40219.1
Project("{9A19103F-16F7-4668-BE54-9A1E7A4F7556}") = "HackerNews.API", "HackerNews.API\HackerNews.API.csproj", "{7EBB1432-C16D-47FC-9E0B-E383B6B6865F}"
EndProject
Project("{2150E333-8FDC-42A3-9474-1A3956D46DE8}") = "Assets", "Assets", "{8E7638AB-02AE-49CF-B505-189CFB164FD1}"
	ProjectSection(SolutionItems) = preProject
		README.md = README.md
	EndProjectSection
EndProject
Global
	GlobalSection(SolutionConfigurationPlatforms) = preSolution
		Debug|Any CPU = Debug|Any CPU
		Release|Any CPU = Release|Any CPU
	EndGlobalSection
	GlobalSection(ProjectConfigurationPlatforms) = postSolution
		{7EBB1432-C16D-47FC-9E0B-E383B6B6865F}.Debug|Any CPU.ActiveCfg = Debug|Any CPU
		{7EBB1432-C16D-47FC-9E0B-E383B6B6865F}.Debug|Any CPU.Build.0 = Debug|Any CPU
		{7EBB1432-C16D-47FC-9E0B-E383B6B6865F}.Release|Any CPU.ActiveCfg = Release|Any CPU
		{7EBB1432-C16D-47FC-9E0B-E383B6B6865F}.Release|Any CPU.Build.0 = Release|Any CPU
	EndGlobalSection
	GlobalSection(SolutionProperties) = preSolution
		HideSolutionNode = FALSE
	EndGlobalSection
	GlobalSection(ExtensibilityGlobals) = postSolution
		SolutionGuid = {FF5E596A-8C1F-49FD-8616-EF33F0BD385E}
	EndGlobalSection
EndGlobal
